
Microsoft Visual Studio Solution File, Format Version 11.00
# Visual Studio 2010
Project("{FAE04EC0-301F-11D3-BF4B-00C04F79EFBC}") = "Dimesoft.CoachAssistant", "Dimesoft.CoachAssistant\Dimesoft.CoachAssistant.csproj", "{EBF19070-2063-443E-817B-EE540CCA6568}"
EndProject
Project("{FAE04EC0-301F-11D3-BF4B-00C04F79EFBC}") = "Dimesoft.CoachAssistant.Domain", "Dimesoft.CoachAssistant.Domain\Dimesoft.CoachAssistant.Domain.csproj", "{E9F3283E-697A-457B-ABD7-3110178AF74D}"
EndProject
Global
	GlobalSection(SolutionConfigurationPlatforms) = preSolution
		Debug|Any CPU = Debug|Any CPU
		Release|Any CPU = Release|Any CPU
	EndGlobalSection
	GlobalSection(ProjectConfigurationPlatforms) = postSolution
		{EBF19070-2063-443E-817B-EE540CCA6568}.Debug|Any CPU.ActiveCfg = Debug|Any CPU
		{EBF19070-2063-443E-817B-EE540CCA6568}.Debug|Any CPU.Build.0 = Debug|Any CPU
		{EBF19070-2063-443E-817B-EE540CCA6568}.Debug|Any CPU.Deploy.0 = Debug|Any CPU
		{EBF19070-2063-443E-817B-EE540CCA6568}.Release|Any CPU.ActiveCfg = Release|Any CPU
		{EBF19070-2063-443E-817B-EE540CCA6568}.Release|Any CPU.Build.0 = Release|Any CPU
		{EBF19070-2063-443E-817B-EE540CCA6568}.Release|Any CPU.Deploy.0 = Release|Any CPU
		{E9F3283E-697A-457B-ABD7-3110178AF74D}.Debug|Any CPU.ActiveCfg = Debug|Any CPU
		{E9F3283E-697A-457B-ABD7-3110178AF74D}.Debug|Any CPU.Build.0 = Debug|Any CPU
		{E9F3283E-697A-457B-ABD7-3110178AF74D}.Release|Any CPU.ActiveCfg = Release|Any CPU
		{E9F3283E-697A-457B-ABD7-3110178AF74D}.Release|Any CPU.Build.0 = Release|Any CPU
	EndGlobalSection
	GlobalSection(SolutionProperties) = preSolution
		HideSolutionNode = FALSE
	EndGlobalSection
EndGlobal
